// !$*UTF8*$!
{
	archiveVersion = 1;
	classes = {
	};
	objectVersion = 55;
	objects = {

/* Begin PBXBuildFile section */
		1FDC00762726DC1300CD97A0 /* AppDelegate.swift in Sources */ = {isa = PBXBuildFile; fileRef = 1FDC00752726DC1300CD97A0 /* AppDelegate.swift */; };
		1FDC007A2726DC1300CD97A0 /* SearchViewController.swift in Sources */ = {isa = PBXBuildFile; fileRef = 1FDC00792726DC1300CD97A0 /* SearchViewController.swift */; };
		1FDC007F2726DC1600CD97A0 /* Assets.xcassets in Resources */ = {isa = PBXBuildFile; fileRef = 1FDC007E2726DC1600CD97A0 /* Assets.xcassets */; };
		1FDC00822726DC1600CD97A0 /* LaunchScreen.storyboard in Resources */ = {isa = PBXBuildFile; fileRef = 1FDC00802726DC1600CD97A0 /* LaunchScreen.storyboard */; };
		1FDC008B2726DDFB00CD97A0 /* CatsTableViewCellController.swift in Sources */ = {isa = PBXBuildFile; fileRef = 1FDC008A2726DDFB00CD97A0 /* CatsTableViewCellController.swift */; };
		1FDC008E2726DE2D00CD97A0 /* CatsTableViewCell.xib in Resources */ = {isa = PBXBuildFile; fileRef = 1FDC008D2726DE2D00CD97A0 /* CatsTableViewCell.xib */; };
		1FDC00942726E2F900CD97A0 /* CatsCellViewModel.swift in Sources */ = {isa = PBXBuildFile; fileRef = 1FDC00932726E2F900CD97A0 /* CatsCellViewModel.swift */; };
		1FDC00962726E34600CD97A0 /* TableViewViewModelProtocol.swift in Sources */ = {isa = PBXBuildFile; fileRef = 1FDC00952726E34600CD97A0 /* TableViewViewModelProtocol.swift */; };
		1FDC00982726E39600CD97A0 /* TableViewCellViewModelProtocol.swift in Sources */ = {isa = PBXBuildFile; fileRef = 1FDC00972726E39600CD97A0 /* TableViewCellViewModelProtocol.swift */; };
		1FDC009C2726E3CD00CD97A0 /* CatsPhotosData.swift in Sources */ = {isa = PBXBuildFile; fileRef = 1FDC009A2726E3CD00CD97A0 /* CatsPhotosData.swift */; };
		1FDC009D2726E3CD00CD97A0 /* CatsPhotosJSONData.swift in Sources */ = {isa = PBXBuildFile; fileRef = 1FDC009B2726E3CD00CD97A0 /* CatsPhotosJSONData.swift */; };
		1FDC009F2726E59500CD97A0 /* SearchViewViewModel.swift in Sources */ = {isa = PBXBuildFile; fileRef = 1FDC009E2726E59500CD97A0 /* SearchViewViewModel.swift */; };
		1FDC00A12726EA2300CD97A0 /* NetworkManager.swift in Sources */ = {isa = PBXBuildFile; fileRef = 1FDC00A02726EA2300CD97A0 /* NetworkManager.swift */; };
		1FDC00A42726EAEB00CD97A0 /* IsFirstLaunchExtension.swift in Sources */ = {isa = PBXBuildFile; fileRef = 1FDC00A32726EAEB00CD97A0 /* IsFirstLaunchExtension.swift */; };
		1FDC00A62726EC1900CD97A0 /* NetworkCatsManagerDelegate.swift in Sources */ = {isa = PBXBuildFile; fileRef = 1FDC00A52726EC1900CD97A0 /* NetworkCatsManagerDelegate.swift */; };
		1FDC00A82726FCAB00CD97A0 /* CellNetworkManager.swift in Sources */ = {isa = PBXBuildFile; fileRef = 1FDC00A72726FCAB00CD97A0 /* CellNetworkManager.swift */; };
/* End PBXBuildFile section */

/* Begin PBXFileReference section */
		1FDC00722726DC1300CD97A0 /* CatsImagesApp.app */ = {isa = PBXFileReference; explicitFileType = wrapper.application; includeInIndex = 0; path = CatsImagesApp.app; sourceTree = BUILT_PRODUCTS_DIR; };
		1FDC00752726DC1300CD97A0 /* AppDelegate.swift */ = {isa = PBXFileReference; lastKnownFileType = sourcecode.swift; path = AppDelegate.swift; sourceTree = "<group>"; };
		1FDC00792726DC1300CD97A0 /* SearchViewController.swift */ = {isa = PBXFileReference; lastKnownFileType = sourcecode.swift; path = SearchViewController.swift; sourceTree = "<group>"; };
		1FDC007E2726DC1600CD97A0 /* Assets.xcassets */ = {isa = PBXFileReference; lastKnownFileType = folder.assetcatalog; path = Assets.xcassets; sourceTree = "<group>"; };
		1FDC00812726DC1600CD97A0 /* Base */ = {isa = PBXFileReference; lastKnownFileType = file.storyboard; name = Base; path = Base.lproj/LaunchScreen.storyboard; sourceTree = "<group>"; };
		1FDC00832726DC1600CD97A0 /* Info.plist */ = {isa = PBXFileReference; lastKnownFileType = text.plist.xml; path = Info.plist; sourceTree = "<group>"; };
		1FDC008A2726DDFB00CD97A0 /* CatsTableViewCellController.swift */ = {isa = PBXFileReference; lastKnownFileType = sourcecode.swift; path = CatsTableViewCellController.swift; sourceTree = "<group>"; };
		1FDC008D2726DE2D00CD97A0 /* CatsTableViewCell.xib */ = {isa = PBXFileReference; lastKnownFileType = file.xib; path = CatsTableViewCell.xib; sourceTree = "<group>"; };
		1FDC00932726E2F900CD97A0 /* CatsCellViewModel.swift */ = {isa = PBXFileReference; lastKnownFileType = sourcecode.swift; path = CatsCellViewModel.swift; sourceTree = "<group>"; };
		1FDC00952726E34600CD97A0 /* TableViewViewModelProtocol.swift */ = {isa = PBXFileReference; lastKnownFileType = sourcecode.swift; path = TableViewViewModelProtocol.swift; sourceTree = "<group>"; };
		1FDC00972726E39600CD97A0 /* TableViewCellViewModelProtocol.swift */ = {isa = PBXFileReference; lastKnownFileType = sourcecode.swift; path = TableViewCellViewModelProtocol.swift; sourceTree = "<group>"; };
		1FDC009A2726E3CD00CD97A0 /* CatsPhotosData.swift */ = {isa = PBXFileReference; fileEncoding = 4; lastKnownFileType = sourcecode.swift; path = CatsPhotosData.swift; sourceTree = "<group>"; };
		1FDC009B2726E3CD00CD97A0 /* CatsPhotosJSONData.swift */ = {isa = PBXFileReference; fileEncoding = 4; lastKnownFileType = sourcecode.swift; path = CatsPhotosJSONData.swift; sourceTree = "<group>"; };
		1FDC009E2726E59500CD97A0 /* SearchViewViewModel.swift */ = {isa = PBXFileReference; lastKnownFileType = sourcecode.swift; path = SearchViewViewModel.swift; sourceTree = "<group>"; };
		1FDC00A02726EA2300CD97A0 /* NetworkManager.swift */ = {isa = PBXFileReference; fileEncoding = 4; lastKnownFileType = sourcecode.swift; path = NetworkManager.swift; sourceTree = "<group>"; };
		1FDC00A32726EAEB00CD97A0 /* IsFirstLaunchExtension.swift */ = {isa = PBXFileReference; fileEncoding = 4; lastKnownFileType = sourcecode.swift; path = IsFirstLaunchExtension.swift; sourceTree = "<group>"; };
		1FDC00A52726EC1900CD97A0 /* NetworkCatsManagerDelegate.swift */ = {isa = PBXFileReference; lastKnownFileType = sourcecode.swift; path = NetworkCatsManagerDelegate.swift; sourceTree = "<group>"; };
		1FDC00A72726FCAB00CD97A0 /* CellNetworkManager.swift */ = {isa = PBXFileReference; lastKnownFileType = sourcecode.swift; path = CellNetworkManager.swift; sourceTree = "<group>"; };
/* End PBXFileReference section */

/* Begin PBXFrameworksBuildPhase section */
		1FDC006F2726DC1300CD97A0 /* Frameworks */ = {
			isa = PBXFrameworksBuildPhase;
			buildActionMask = 2147483647;
			files = (
			);
			runOnlyForDeploymentPostprocessing = 0;
		};
/* End PBXFrameworksBuildPhase section */

/* Begin PBXGroup section */
		1FDC00692726DC1300CD97A0 = {
			isa = PBXGroup;
			children = (
				1FDC00742726DC1300CD97A0 /* CatsImagesApp */,
				1FDC00732726DC1300CD97A0 /* Products */,
			);
			sourceTree = "<group>";
		};
		1FDC00732726DC1300CD97A0 /* Products */ = {
			isa = PBXGroup;
			children = (
				1FDC00722726DC1300CD97A0 /* CatsImagesApp.app */,
			);
			name = Products;
			sourceTree = "<group>";
		};
		1FDC00742726DC1300CD97A0 /* CatsImagesApp */ = {
			isa = PBXGroup;
			children = (
				1FDC00A22726EAE100CD97A0 /* Helper */,
				1FDC00992726E3B000CD97A0 /* Model */,
				1FDC00912726E2E000CD97A0 /* ViewModel */,
				1FDC00902726E2D500CD97A0 /* View */,
				1FDC00922726E2E600CD97A0 /* Protocols */,
				1FDC007E2726DC1600CD97A0 /* Assets.xcassets */,
				1FDC00752726DC1300CD97A0 /* AppDelegate.swift */,
				1FDC00802726DC1600CD97A0 /* LaunchScreen.storyboard */,
				1FDC00832726DC1600CD97A0 /* Info.plist */,
			);
			path = CatsImagesApp;
			sourceTree = "<group>";
		};
		1FDC008C2726DE0000CD97A0 /* TableViewCell */ = {
			isa = PBXGroup;
			children = (
				1FDC008A2726DDFB00CD97A0 /* CatsTableViewCellController.swift */,
				1FDC008D2726DE2D00CD97A0 /* CatsTableViewCell.xib */,
			);
			path = TableViewCell;
			sourceTree = "<group>";
		};
		1FDC008F2726E2C600CD97A0 /* SearchView */ = {
			isa = PBXGroup;
			children = (
				1FDC00792726DC1300CD97A0 /* SearchViewController.swift */,
			);
			path = SearchView;
			sourceTree = "<group>";
		};
		1FDC00902726E2D500CD97A0 /* View */ = {
			isa = PBXGroup;
			children = (
				1FDC008C2726DE0000CD97A0 /* TableViewCell */,
				1FDC008F2726E2C600CD97A0 /* SearchView */,
			);
			path = View;
			sourceTree = "<group>";
		};
		1FDC00912726E2E000CD97A0 /* ViewModel */ = {
			isa = PBXGroup;
			children = (
				1FDC00932726E2F900CD97A0 /* CatsCellViewModel.swift */,
				1FDC009E2726E59500CD97A0 /* SearchViewViewModel.swift */,
			);
			path = ViewModel;
			sourceTree = "<group>";
		};
		1FDC00922726E2E600CD97A0 /* Protocols */ = {
			isa = PBXGroup;
			children = (
				1FDC00952726E34600CD97A0 /* TableViewViewModelProtocol.swift */,
				1FDC00972726E39600CD97A0 /* TableViewCellViewModelProtocol.swift */,
				1FDC00A52726EC1900CD97A0 /* NetworkCatsManagerDelegate.swift */,
				1FDC00A72726FCAB00CD97A0 /* CellNetworkManager.swift */,
			);
			path = Protocols;
			sourceTree = "<group>";
		};
		1FDC00992726E3B000CD97A0 /* Model */ = {
			isa = PBXGroup;
			children = (
				1FDC00A02726EA2300CD97A0 /* NetworkManager.swift */,
				1FDC009A2726E3CD00CD97A0 /* CatsPhotosData.swift */,
				1FDC009B2726E3CD00CD97A0 /* CatsPhotosJSONData.swift */,
			);
			path = Model;
			sourceTree = "<group>";
		};
		1FDC00A22726EAE100CD97A0 /* Helper */ = {
			isa = PBXGroup;
			children = (
				1FDC00A32726EAEB00CD97A0 /* IsFirstLaunchExtension.swift */,
			);
			path = Helper;
			sourceTree = "<group>";
		};
/* End PBXGroup section */

/* Begin PBXNativeTarget section */
		1FDC00712726DC1300CD97A0 /* CatsImagesApp */ = {
			isa = PBXNativeTarget;
			buildConfigurationList = 1FDC00862726DC1600CD97A0 /* Build configuration list for PBXNativeTarget "CatsImagesApp" */;
			buildPhases = (
				1FDC006E2726DC1300CD97A0 /* Sources */,
				1FDC006F2726DC1300CD97A0 /* Frameworks */,
				1FDC00702726DC1300CD97A0 /* Resources */,
				1FDC00892726DC6700CD97A0 /* ShellScript */,
			);
			buildRules = (
			);
			dependencies = (
			);
			name = CatsImagesApp;
			productName = CatsImagesApp;
			productReference = 1FDC00722726DC1300CD97A0 /* CatsImagesApp.app */;
			productType = "com.apple.product-type.application";
		};
/* End PBXNativeTarget section */

/* Begin PBXProject section */
		1FDC006A2726DC1300CD97A0 /* Project object */ = {
			isa = PBXProject;
			attributes = {
				BuildIndependentTargetsInParallel = 1;
				LastSwiftUpdateCheck = 1300;
				LastUpgradeCheck = 1300;
				TargetAttributes = {
					1FDC00712726DC1300CD97A0 = {
						CreatedOnToolsVersion = 13.0;
					};
				};
			};
			buildConfigurationList = 1FDC006D2726DC1300CD97A0 /* Build configuration list for PBXProject "CatsImagesApp" */;
			compatibilityVersion = "Xcode 13.0";
			developmentRegion = en;
			hasScannedForEncodings = 0;
			knownRegions = (
				en,
				Base,
			);
			mainGroup = 1FDC00692726DC1300CD97A0;
			productRefGroup = 1FDC00732726DC1300CD97A0 /* Products */;
			projectDirPath = "";
			projectRoot = "";
			targets = (
				1FDC00712726DC1300CD97A0 /* CatsImagesApp */,
			);
		};
/* End PBXProject section */

/* Begin PBXResourcesBuildPhase section */
		1FDC00702726DC1300CD97A0 /* Resources */ = {
			isa = PBXResourcesBuildPhase;
			buildActionMask = 2147483647;
			files = (
				1FDC00822726DC1600CD97A0 /* LaunchScreen.storyboard in Resources */,
				1FDC008E2726DE2D00CD97A0 /* CatsTableViewCell.xib in Resources */,
				1FDC007F2726DC1600CD97A0 /* Assets.xcassets in Resources */,
			);
			runOnlyForDeploymentPostprocessing = 0;
		};
/* End PBXResourcesBuildPhase section */

/* Begin PBXShellScriptBuildPhase section */
		1FDC00892726DC6700CD97A0 /* ShellScript */ = {
			isa = PBXShellScriptBuildPhase;
			buildActionMask = 2147483647;
			files = (
			);
			inputFileListPaths = (
			);
			inputPaths = (
			);
			outputFileListPaths = (
			);
			outputPaths = (
			);
			runOnlyForDeploymentPostprocessing = 0;
			shellPath = /bin/sh;
			shellScript = "if which swiftlint >/dev/null; then\n  swiftlint\nelse\n  echo \"error: SwiftLint does not exist, download it from https://github.com/realm/SwiftLint\"\n  exit 1\nfi\n";
		};
/* End PBXShellScriptBuildPhase section */

/* Begin PBXSourcesBuildPhase section */
		1FDC006E2726DC1300CD97A0 /* Sources */ = {
			isa = PBXSourcesBuildPhase;
			buildActionMask = 2147483647;
			files = (
				1FDC007A2726DC1300CD97A0 /* SearchViewController.swift in Sources */,
				1FDC00A42726EAEB00CD97A0 /* IsFirstLaunchExtension.swift in Sources */,
				1FDC009D2726E3CD00CD97A0 /* CatsPhotosJSONData.swift in Sources */,
				1FDC00A82726FCAB00CD97A0 /* CellNetworkManager.swift in Sources */,
				1FDC00A12726EA2300CD97A0 /* NetworkManager.swift in Sources */,
				1FDC00942726E2F900CD97A0 /* CatsCellViewModel.swift in Sources */,
				1FDC00762726DC1300CD97A0 /* AppDelegate.swift in Sources */,
				1FDC009C2726E3CD00CD97A0 /* CatsPhotosData.swift in Sources */,
				1FDC009F2726E59500CD97A0 /* SearchViewViewModel.swift in Sources */,
				1FDC00A62726EC1900CD97A0 /* NetworkCatsManagerDelegate.swift in Sources */,
				1FDC008B2726DDFB00CD97A0 /* CatsTableViewCellController.swift in Sources */,
				1FDC00982726E39600CD97A0 /* TableViewCellViewModelProtocol.swift in Sources */,
				1FDC00962726E34600CD97A0 /* TableViewViewModelProtocol.swift in Sources */,
			);
			runOnlyForDeploymentPostprocessing = 0;
		};
/* End PBXSourcesBuildPhase section */

/* Begin PBXVariantGroup section */
		1FDC00802726DC1600CD97A0 /* LaunchScreen.storyboard */ = {
			isa = PBXVariantGroup;
			children = (
				1FDC00812726DC1600CD97A0 /* Base */,
			);
			name = LaunchScreen.storyboard;
			sourceTree = "<group>";
		};
/* End PBXVariantGroup section */

/* Begin XCBuildConfiguration section */
		1FDC00842726DC1600CD97A0 /* Debug */ = {
			isa = XCBuildConfiguration;
			buildSettings = {
				ALWAYS_SEARCH_USER_PATHS = NO;
				CLANG_ANALYZER_NONNULL = YES;
				CLANG_ANALYZER_NUMBER_OBJECT_CONVERSION = YES_AGGRESSIVE;
				CLANG_CXX_LANGUAGE_STANDARD = "gnu++17";
				CLANG_CXX_LIBRARY = "libc++";
				CLANG_ENABLE_MODULES = YES;
				CLANG_ENABLE_OBJC_ARC = YES;
				CLANG_ENABLE_OBJC_WEAK = YES;
				CLANG_WARN_BLOCK_CAPTURE_AUTORELEASING = YES;
				CLANG_WARN_BOOL_CONVERSION = YES;
				CLANG_WARN_COMMA = YES;
				CLANG_WARN_CONSTANT_CONVERSION = YES;
				CLANG_WARN_DEPRECATED_OBJC_IMPLEMENTATIONS = YES;
				CLANG_WARN_DIRECT_OBJC_ISA_USAGE = YES_ERROR;
				CLANG_WARN_DOCUMENTATION_COMMENTS = YES;
				CLANG_WARN_EMPTY_BODY = YES;
				CLANG_WARN_ENUM_CONVERSION = YES;
				CLANG_WARN_INFINITE_RECURSION = YES;
				CLANG_WARN_INT_CONVERSION = YES;
				CLANG_WARN_NON_LITERAL_NULL_CONVERSION = YES;
				CLANG_WARN_OBJC_IMPLICIT_RETAIN_SELF = YES;
				CLANG_WARN_OBJC_LITERAL_CONVERSION = YES;
				CLANG_WARN_OBJC_ROOT_CLASS = YES_ERROR;
				CLANG_WARN_QUOTED_INCLUDE_IN_FRAMEWORK_HEADER = YES;
				CLANG_WARN_RANGE_LOOP_ANALYSIS = YES;
				CLANG_WARN_STRICT_PROTOTYPES = YES;
				CLANG_WARN_SUSPICIOUS_MOVE = YES;
				CLANG_WARN_UNGUARDED_AVAILABILITY = YES_AGGRESSIVE;
				CLANG_WARN_UNREACHABLE_CODE = YES;
				CLANG_WARN__DUPLICATE_METHOD_MATCH = YES;
				COPY_PHASE_STRIP = NO;
				DEBUG_INFORMATION_FORMAT = dwarf;
				ENABLE_STRICT_OBJC_MSGSEND = YES;
				ENABLE_TESTABILITY = YES;
				GCC_C_LANGUAGE_STANDARD = gnu11;
				GCC_DYNAMIC_NO_PIC = NO;
				GCC_NO_COMMON_BLOCKS = YES;
				GCC_OPTIMIZATION_LEVEL = 0;
				GCC_PREPROCESSOR_DEFINITIONS = (
					"DEBUG=1",
					"$(inherited)",
				);
				GCC_WARN_64_TO_32_BIT_CONVERSION = YES;
				GCC_WARN_ABOUT_RETURN_TYPE = YES_ERROR;
				GCC_WARN_UNDECLARED_SELECTOR = YES;
				GCC_WARN_UNINITIALIZED_AUTOS = YES_AGGRESSIVE;
				GCC_WARN_UNUSED_FUNCTION = YES;
				GCC_WARN_UNUSED_VARIABLE = YES;
				IPHONEOS_DEPLOYMENT_TARGET = 15.0;
				MTL_ENABLE_DEBUG_INFO = INCLUDE_SOURCE;
				MTL_FAST_MATH = YES;
				ONLY_ACTIVE_ARCH = YES;
				SDKROOT = iphoneos;
				SWIFT_ACTIVE_COMPILATION_CONDITIONS = DEBUG;
				SWIFT_OPTIMIZATION_LEVEL = "-Onone";
			};
			name = Debug;
		};
		1FDC00852726DC1600CD97A0 /* Release */ = {
			isa = XCBuildConfiguration;
			buildSettings = {
				ALWAYS_SEARCH_USER_PATHS = NO;
				CLANG_ANALYZER_NONNULL = YES;
				CLANG_ANALYZER_NUMBER_OBJECT_CONVERSION = YES_AGGRESSIVE;
				CLANG_CXX_LANGUAGE_STANDARD = "gnu++17";
				CLANG_CXX_LIBRARY = "libc++";
				CLANG_ENABLE_MODULES = YES;
				CLANG_ENABLE_OBJC_ARC = YES;
				CLANG_ENABLE_OBJC_WEAK = YES;
				CLANG_WARN_BLOCK_CAPTURE_AUTORELEASING = YES;
				CLANG_WARN_BOOL_CONVERSION = YES;
				CLANG_WARN_COMMA = YES;
				CLANG_WARN_CONSTANT_CONVERSION = YES;
				CLANG_WARN_DEPRECATED_OBJC_IMPLEMENTATIONS = YES;
				CLANG_WARN_DIRECT_OBJC_ISA_USAGE = YES_ERROR;
				CLANG_WARN_DOCUMENTATION_COMMENTS = YES;
				CLANG_WARN_EMPTY_BODY = YES;
				CLANG_WARN_ENUM_CONVERSION = YES;
				CLANG_WARN_INFINITE_RECURSION = YES;
				CLANG_WARN_INT_CONVERSION = YES;
				CLANG_WARN_NON_LITERAL_NULL_CONVERSION = YES;
				CLANG_WARN_OBJC_IMPLICIT_RETAIN_SELF = YES;
				CLANG_WARN_OBJC_LITERAL_CONVERSION = YES;
				CLANG_WARN_OBJC_ROOT_CLASS = YES_ERROR;
				CLANG_WARN_QUOTED_INCLUDE_IN_FRAMEWORK_HEADER = YES;
				CLANG_WARN_RANGE_LOOP_ANALYSIS = YES;
				CLANG_WARN_STRICT_PROTOTYPES = YES;
				CLANG_WARN_SUSPICIOUS_MOVE = YES;
				CLANG_WARN_UNGUARDED_AVAILABILITY = YES_AGGRESSIVE;
				CLANG_WARN_UNREACHABLE_CODE = YES;
				CLANG_WARN__DUPLICATE_METHOD_MATCH = YES;
				COPY_PHASE_STRIP = NO;
				DEBUG_INFORMATION_FORMAT = "dwarf-with-dsym";
				ENABLE_NS_ASSERTIONS = NO;
				ENABLE_STRICT_OBJC_MSGSEND = YES;
				GCC_C_LANGUAGE_STANDARD = gnu11;
				GCC_NO_COMMON_BLOCKS = YES;
				GCC_WARN_64_TO_32_BIT_CONVERSION = YES;
				GCC_WARN_ABOUT_RETURN_TYPE = YES_ERROR;
				GCC_WARN_UNDECLARED_SELECTOR = YES;
				GCC_WARN_UNINITIALIZED_AUTOS = YES_AGGRESSIVE;
				GCC_WARN_UNUSED_FUNCTION = YES;
				GCC_WARN_UNUSED_VARIABLE = YES;
				IPHONEOS_DEPLOYMENT_TARGET = 15.0;
				MTL_ENABLE_DEBUG_INFO = NO;
				MTL_FAST_MATH = YES;
				SDKROOT = iphoneos;
				SWIFT_COMPILATION_MODE = wholemodule;
				SWIFT_OPTIMIZATION_LEVEL = "-O";
				VALIDATE_PRODUCT = YES;
			};
			name = Release;
		};
		1FDC00872726DC1600CD97A0 /* Debug */ = {
			isa = XCBuildConfiguration;
			buildSettings = {
				ASSETCATALOG_COMPILER_APPICON_NAME = AppIcon;
				ASSETCATALOG_COMPILER_GLOBAL_ACCENT_COLOR_NAME = AccentColor;
				CODE_SIGN_STYLE = Automatic;
				CURRENT_PROJECT_VERSION = 1;
				DEVELOPMENT_TEAM = 6C4272876R;
				GENERATE_INFOPLIST_FILE = YES;
				INFOPLIST_FILE = CatsImagesApp/Info.plist;
				INFOPLIST_KEY_UIApplicationSupportsIndirectInputEvents = YES;
				INFOPLIST_KEY_UILaunchStoryboardName = LaunchScreen;
				INFOPLIST_KEY_UISupportedInterfaceOrientations = UIInterfaceOrientationPortrait;
				INFOPLIST_KEY_UISupportedInterfaceOrientations_iPad = "UIInterfaceOrientationPortrait UIInterfaceOrientationPortraitUpsideDown UIInterfaceOrientationLandscapeLeft UIInterfaceOrientationLandscapeRight";
				INFOPLIST_KEY_UISupportedInterfaceOrientations_iPhone = "UIInterfaceOrientationPortrait UIInterfaceOrientationLandscapeLeft UIInterfaceOrientationLandscapeRight";
				IPHONEOS_DEPLOYMENT_TARGET = 13.0;
				LD_RUNPATH_SEARCH_PATHS = (
					"$(inherited)",
					"@executable_path/Frameworks",
				);
				MARKETING_VERSION = 1.0;
				PRODUCT_BUNDLE_IDENTIFIER = com.CatsImagesApp.CatsImagesApp;
				PRODUCT_NAME = "$(TARGET_NAME)";
				SWIFT_EMIT_LOC_STRINGS = YES;
				SWIFT_VERSION = 5.0;
				TARGETED_DEVICE_FAMILY = 1;
			};
			name = Debug;
		};
		1FDC00882726DC1600CD97A0 /* Release */ = {
			isa = XCBuildConfiguration;
			buildSettings = {
				ASSETCATALOG_COMPILER_APPICON_NAME = AppIcon;
				ASSETCATALOG_COMPILER_GLOBAL_ACCENT_COLOR_NAME = AccentColor;
				CODE_SIGN_STYLE = Automatic;
				CURRENT_PROJECT_VERSION = 1;
				DEVELOPMENT_TEAM = 6C4272876R;
				GENERATE_INFOPLIST_FILE = YES;
				INFOPLIST_FILE = CatsImagesApp/Info.plist;
				INFOPLIST_KEY_UIApplicationSupportsIndirectInputEvents = YES;
				INFOPLIST_KEY_UILaunchStoryboardName = LaunchScreen;
				INFOPLIST_KEY_UISupportedInterfaceOrientations = UIInterfaceOrientationPortrait;
				INFOPLIST_KEY_UISupportedInterfaceOrientations_iPad = "UIInterfaceOrientationPortrait UIInterfaceOrientationPortraitUpsideDown UIInterfaceOrientationLandscapeLeft UIInterfaceOrientationLandscapeRight";
				INFOPLIST_KEY_UISupportedInterfaceOrientations_iPhone = "UIInterfaceOrientationPortrait UIInterfaceOrientationLandscapeLeft UIInterfaceOrientationLandscapeRight";
				IPHONEOS_DEPLOYMENT_TARGET = 13.0;
				LD_RUNPATH_SEARCH_PATHS = (
					"$(inherited)",
					"@executable_path/Frameworks",
				);
				MARKETING_VERSION = 1.0;
				PRODUCT_BUNDLE_IDENTIFIER = com.CatsImagesApp.CatsImagesApp;
				PRODUCT_NAME = "$(TARGET_NAME)";
				SWIFT_EMIT_LOC_STRINGS = YES;
				SWIFT_VERSION = 5.0;
				TARGETED_DEVICE_FAMILY = 1;
			};
			name = Release;
		};
/* End XCBuildConfiguration section */

/* Begin XCConfigurationList section */
		1FDC006D2726DC1300CD97A0 /* Build configuration list for PBXProject "CatsImagesApp" */ = {
			isa = XCConfigurationList;
			buildConfigurations = (
				1FDC00842726DC1600CD97A0 /* Debug */,
				1FDC00852726DC1600CD97A0 /* Release */,
			);
			defaultConfigurationIsVisible = 0;
			defaultConfigurationName = Release;
		};
		1FDC00862726DC1600CD97A0 /* Build configuration list for PBXNativeTarget "CatsImagesApp" */ = {
			isa = XCConfigurationList;
			buildConfigurations = (
				1FDC00872726DC1600CD97A0 /* Debug */,
				1FDC00882726DC1600CD97A0 /* Release */,
			);
			defaultConfigurationIsVisible = 0;
			defaultConfigurationName = Release;
		};
/* End XCConfigurationList section */
	};
	rootObject = 1FDC006A2726DC1300CD97A0 /* Project object */;
}
